
Microsoft Visual Studio Solution File, Format Version 12.00
# Visual Studio 15
VisualStudioVersion = 15.0.26730.12
MinimumVisualStudioVersion = 10.0.40219.1
Project("{FAE04EC0-301F-11D3-BF4B-00C04F79EFBC}") = "7. Двоичная куча", "7. Двоичная куча\7. Двоичная куча.csproj", "{C23A2B9B-C5DC-49A2-B488-532142F2B655}"
EndProject
Global
	GlobalSection(SolutionConfigurationPlatforms) = preSolution
		Debug|Any CPU = Debug|Any CPU
		Release|Any CPU = Release|Any CPU
	EndGlobalSection
	GlobalSection(ProjectConfigurationPlatforms) = postSolution
		{C23A2B9B-C5DC-49A2-B488-532142F2B655}.Debug|Any CPU.ActiveCfg = Debug|Any CPU
		{C23A2B9B-C5DC-49A2-B488-532142F2B655}.Debug|Any CPU.Build.0 = Debug|Any CPU
		{C23A2B9B-C5DC-49A2-B488-532142F2B655}.Release|Any CPU.ActiveCfg = Release|Any CPU
		{C23A2B9B-C5DC-49A2-B488-532142F2B655}.Release|Any CPU.Build.0 = Release|Any CPU
	EndGlobalSection
	GlobalSection(SolutionProperties) = preSolution
		HideSolutionNode = FALSE
	EndGlobalSection
	GlobalSection(ExtensibilityGlobals) = postSolution
		SolutionGuid = {F95C22A5-C4C8-4FD0-9564-BF7634452D71}
	EndGlobalSection
EndGlobal
